<?xml version="1.0" encoding="utf-8"?>
<Project ToolsVersion="4.0" xmlns="http://schemas.microsoft.com/developer/msbuild/2003">
  <ItemGroup>
    <Filter Include="Source Files">
      <UniqueIdentifier>{4FC737F1-C7A5-4376-A066-2A32D752A2FF}</UniqueIdentifier>
      <Extensions>cpp;c;cc;cxx;c++;cppm;ixx;def;odl;idl;hpj;bat;asm;asmx</Extensions>
    </Filter>
    <Filter Include="Header Files">
      <UniqueIdentifier>{93995380-89BD-4b04-88EB-625FBE52EBFB}</UniqueIdentifier>
      <Extensions>h;hh;hpp;hxx;h++;hm;inl;inc;ipp;xsd</Extensions>
    </Filter>
    <Filter Include="Resource Files">
      <UniqueIdentifier>{67DA6AB6-F800-4c08-8B7A-83BB121AAD01}</UniqueIdentifier>
      <Extensions>rc;ico;cur;bmp;dlg;rc2;rct;bin;rgs;gif;jpg;jpeg;jpe;resx;tiff;tif;png;wav;mfcribbon-ms</Extensions>
    </Filter>
  </ItemGroup>
  <ItemGroup>
    <ClCompile Include="src\app.cpp">
      <Filter>Source Files</Filter>
    </ClCompile>
    <ClCompile Include="src\Renderer\shader.cpp">
      <Filter>Source Files</Filter>
    </ClCompile>
    <ClCompile Include="src\Dependencies\glad.c">
      <Filter>Source Files</Filter>
    </ClCompile>
    <ClCompile Include="src\Renderer\Window.cpp">
      <Filter>Source Files</Filter>
    </ClCompile>
    <ClCompile Include="src\Utils\Utils.cpp">
      <Filter>Source Files</Filter>
    </ClCompile>
    <ClCompile Include="src\Renderer\Renderer.cpp">
      <Filter>Source Files</Filter>
    </ClCompile>
    <ClCompile Include="src\ScreenRecorder.cpp">
      <Filter>Source Files</Filter>
    </ClCompile>
    <ClCompile Include="src\Dependencies\stb_image.cpp">
      <Filter>Source Files</Filter>
    </ClCompile>
  </ItemGroup>
  <ItemGroup>
    <ClInclude Include="src\Renderer\shader.h">
      <Filter>Header Files</Filter>
    </ClInclude>
    <ClInclude Include="src\Renderer\Window.h">
      <Filter>Header Files</Filter>
    </ClInclude>
    <ClInclude Include="src\Utils\Utils.h">
      <Filter>Header Files</Filter>
    </ClInclude>
    <ClInclude Include="src\Renderer\Renderer.h">
      <Filter>Header Files</Filter>
    </ClInclude>
    <ClInclude Include="src\ScreenRecorder.h">
      <Filter>Header Files</Filter>
    </ClInclude>
    <ClInclude Include="src\Dependencies\stb_image.h">
      <Filter>Header Files</Filter>
    </ClInclude>
  </ItemGroup>
  <ItemGroup>
    <None Include="src\Renderer\Shaders\vertexShader.vert" />
    <None Include="src\Renderer\Shaders\fragmentShader.frag" />
    <None Include="src\Renderer\Shaders\fruit.frag" />
  </ItemGroup>
  <ItemGroup>
    <Image Include="src\Resources\skybox\Daylight Box_Back.bmp">
      <Filter>Resource Files</Filter>
    </Image>
    <Image Include="src\Resources\skybox\Daylight Box_Bottom.bmp">
      <Filter>Resource Files</Filter>
    </Image>
    <Image Include="src\Resources\skybox\Daylight Box_Front.bmp">
      <Filter>Resource Files</Filter>
    </Image>
    <Image Include="src\Resources\skybox\Daylight Box_Left.bmp">
      <Filter>Resource Files</Filter>
    </Image>
    <Image Include="src\Resources\skybox\Daylight Box_Right.bmp">
      <Filter>Resource Files</Filter>
    </Image>
    <Image Include="src\Resources\skybox\Daylight Box_Top.bmp">
      <Filter>Resource Files</Filter>
    </Image>
    <Image Include="src\Resources\skybox\miramar_up.tga" />
    <Image Include="src\Resources\skybox\interstellar_bk.tga" />
    <Image Include="src\Resources\skybox\interstellar_dn.tga" />
    <Image Include="src\Resources\skybox\interstellar_ft.tga" />
    <Image Include="src\Resources\skybox\interstellar_lf.tga" />
    <Image Include="src\Resources\skybox\interstellar_rt.tga" />
    <Image Include="src\Resources\skybox\interstellar_up.tga" />
    <Image Include="src\Resources\skybox\miramar_bk.tga" />
    <Image Include="src\Resources\skybox\miramar_dn.tga" />
    <Image Include="src\Resources\skybox\miramar_ft.tga" />
    <Image Include="src\Resources\skybox\miramar_lf.tga" />
    <Image Include="src\Resources\skybox\miramar_rt.tga" />
    <Image Include="src\Resources\skybox\bluecloud_bk.jpg">
      <Filter>Resource Files</Filter>
    </Image>
    <Image Include="src\Resources\skybox\bluecloud_dn.jpg">
      <Filter>Resource Files</Filter>
    </Image>
    <Image Include="src\Resources\skybox\bluecloud_ft.jpg">
      <Filter>Resource Files</Filter>
    </Image>
    <Image Include="src\Resources\skybox\bluecloud_lf.jpg">
      <Filter>Resource Files</Filter>
    </Image>
    <Image Include="src\Resources\skybox\bluecloud_rt.jpg">
      <Filter>Resource Files</Filter>
    </Image>
    <Image Include="src\Resources\skybox\bluecloud_up.jpg">
      <Filter>Resource Files</Filter>
    </Image>
    <Image Include="src\Resources\skybox\clouds1_down.bmp">
      <Filter>Resource Files</Filter>
    </Image>
    <Image Include="src\Resources\skybox\clouds1_east.bmp">
      <Filter>Resource Files</Filter>
    </Image>
    <Image Include="src\Resources\skybox\clouds1_north.bmp">
      <Filter>Resource Files</Filter>
    </Image>
    <Image Include="src\Resources\skybox\clouds1_south.bmp">
      <Filter>Resource Files</Filter>
    </Image>
    <Image Include="src\Resources\skybox\clouds1_up.bmp">
      <Filter>Resource Files</Filter>
    </Image>
    <Image Include="src\Resources\skybox\clouds1_west.bmp">
      <Filter>Resource Files</Filter>
    </Image>
  </ItemGroup>
</Project>